
Microsoft Visual Studio Solution File, Format Version 12.00
# Visual Studio Version 17
VisualStudioVersion = 17.0.31912.275
MinimumVisualStudioVersion = 10.0.40219.1
Project("{FAE04EC0-301F-11D3-BF4B-00C04F79EFBC}") = "FurnitureShop", "FurnitureShop\FurnitureShop.csproj", "{091EE0CE-371D-4F1F-9B89-85188AAEA06B}"
EndProject
Project("{FAE04EC0-301F-11D3-BF4B-00C04F79EFBC}") = "DataAccessLayer", "DataAccessLayer\DataAccessLayer.csproj", "{14CC5BBF-C2D0-461F-A844-F74EF64A71C7}"
EndProject
Project("{FAE04EC0-301F-11D3-BF4B-00C04F79EFBC}") = "BussniessLayer", "BussniessLayer\BussniessLayer.csproj", "{22928636-B6CF-4AB0-900A-EC09E6C1F7C5}"
EndProject
Global
	GlobalSection(SolutionConfigurationPlatforms) = preSolution
		Debug|Any CPU = Debug|Any CPU
		Release|Any CPU = Release|Any CPU
	EndGlobalSection
	GlobalSection(ProjectConfigurationPlatforms) = postSolution
		{091EE0CE-371D-4F1F-9B89-85188AAEA06B}.Debug|Any CPU.ActiveCfg = Debug|Any CPU
		{091EE0CE-371D-4F1F-9B89-85188AAEA06B}.Debug|Any CPU.Build.0 = Debug|Any CPU
		{091EE0CE-371D-4F1F-9B89-85188AAEA06B}.Release|Any CPU.ActiveCfg = Release|Any CPU
		{091EE0CE-371D-4F1F-9B89-85188AAEA06B}.Release|Any CPU.Build.0 = Release|Any CPU
		{14CC5BBF-C2D0-461F-A844-F74EF64A71C7}.Debug|Any CPU.ActiveCfg = Debug|Any CPU
		{14CC5BBF-C2D0-461F-A844-F74EF64A71C7}.Debug|Any CPU.Build.0 = Debug|Any CPU
		{14CC5BBF-C2D0-461F-A844-F74EF64A71C7}.Release|Any CPU.ActiveCfg = Release|Any CPU
		{14CC5BBF-C2D0-461F-A844-F74EF64A71C7}.Release|Any CPU.Build.0 = Release|Any CPU
		{22928636-B6CF-4AB0-900A-EC09E6C1F7C5}.Debug|Any CPU.ActiveCfg = Debug|Any CPU
		{22928636-B6CF-4AB0-900A-EC09E6C1F7C5}.Debug|Any CPU.Build.0 = Debug|Any CPU
		{22928636-B6CF-4AB0-900A-EC09E6C1F7C5}.Release|Any CPU.ActiveCfg = Release|Any CPU
		{22928636-B6CF-4AB0-900A-EC09E6C1F7C5}.Release|Any CPU.Build.0 = Release|Any CPU
	EndGlobalSection
	GlobalSection(SolutionProperties) = preSolution
		HideSolutionNode = FALSE
	EndGlobalSection
	GlobalSection(ExtensibilityGlobals) = postSolution
		SolutionGuid = {2B7054AF-B047-4BEE-A504-900B95F6A50E}
	EndGlobalSection
EndGlobal
