
Microsoft Visual Studio Solution File, Format Version 12.00
# Visual Studio Version 17
VisualStudioVersion = 17.0.32014.148
MinimumVisualStudioVersion = 10.0.40219.1
Project("{FAE04EC0-301F-11D3-BF4B-00C04F79EFBC}") = "FurnitureShop", "FurnitureShop\FurnitureShop.csproj", "{091EE0CE-371D-4F1F-9B89-85188AAEA06B}"
EndProject
Project("{FAE04EC0-301F-11D3-BF4B-00C04F79EFBC}") = "DataAccessLayer", "DataAccessLayer\DataAccessLayer.csproj", "{14CC5BBF-C2D0-461F-A844-F74EF64A71C7}"
EndProject
Project("{FAE04EC0-301F-11D3-BF4B-00C04F79EFBC}") = "BusinessLayer", "BussniessLayer\BusinessLayer.csproj", "{22928636-B6CF-4AB0-900A-EC09E6C1F7C5}"
EndProject
Project("{FAE04EC0-301F-11D3-BF4B-00C04F79EFBC}") = "Shared", "Shared\Shared.csproj", "{E5064998-F1B3-4A64-9830-127492C74A35}"
EndProject
Project("{FAE04EC0-301F-11D3-BF4B-00C04F79EFBC}") = "BusinessLayerTest", "BusinessLayerTest\BusinessLayerTest.csproj", "{76DD67EC-6BFD-499D-8FC1-8943953DD825}"
EndProject
Global
	GlobalSection(SolutionConfigurationPlatforms) = preSolution
		Debug|Any CPU = Debug|Any CPU
		Release|Any CPU = Release|Any CPU
	EndGlobalSection
	GlobalSection(ProjectConfigurationPlatforms) = postSolution
		{091EE0CE-371D-4F1F-9B89-85188AAEA06B}.Debug|Any CPU.ActiveCfg = Debug|Any CPU
		{091EE0CE-371D-4F1F-9B89-85188AAEA06B}.Debug|Any CPU.Build.0 = Debug|Any CPU
		{091EE0CE-371D-4F1F-9B89-85188AAEA06B}.Release|Any CPU.ActiveCfg = Release|Any CPU
		{091EE0CE-371D-4F1F-9B89-85188AAEA06B}.Release|Any CPU.Build.0 = Release|Any CPU
		{14CC5BBF-C2D0-461F-A844-F74EF64A71C7}.Debug|Any CPU.ActiveCfg = Debug|Any CPU
		{14CC5BBF-C2D0-461F-A844-F74EF64A71C7}.Debug|Any CPU.Build.0 = Debug|Any CPU
		{14CC5BBF-C2D0-461F-A844-F74EF64A71C7}.Release|Any CPU.ActiveCfg = Release|Any CPU
		{14CC5BBF-C2D0-461F-A844-F74EF64A71C7}.Release|Any CPU.Build.0 = Release|Any CPU
		{22928636-B6CF-4AB0-900A-EC09E6C1F7C5}.Debug|Any CPU.ActiveCfg = Debug|Any CPU
		{22928636-B6CF-4AB0-900A-EC09E6C1F7C5}.Debug|Any CPU.Build.0 = Debug|Any CPU
		{22928636-B6CF-4AB0-900A-EC09E6C1F7C5}.Release|Any CPU.ActiveCfg = Release|Any CPU
		{22928636-B6CF-4AB0-900A-EC09E6C1F7C5}.Release|Any CPU.Build.0 = Release|Any CPU
		{E5064998-F1B3-4A64-9830-127492C74A35}.Debug|Any CPU.ActiveCfg = Debug|Any CPU
		{E5064998-F1B3-4A64-9830-127492C74A35}.Debug|Any CPU.Build.0 = Debug|Any CPU
		{E5064998-F1B3-4A64-9830-127492C74A35}.Release|Any CPU.ActiveCfg = Release|Any CPU
		{E5064998-F1B3-4A64-9830-127492C74A35}.Release|Any CPU.Build.0 = Release|Any CPU
		{76DD67EC-6BFD-499D-8FC1-8943953DD825}.Debug|Any CPU.ActiveCfg = Debug|Any CPU
		{76DD67EC-6BFD-499D-8FC1-8943953DD825}.Debug|Any CPU.Build.0 = Debug|Any CPU
		{76DD67EC-6BFD-499D-8FC1-8943953DD825}.Release|Any CPU.ActiveCfg = Release|Any CPU
		{76DD67EC-6BFD-499D-8FC1-8943953DD825}.Release|Any CPU.Build.0 = Release|Any CPU
	EndGlobalSection
	GlobalSection(SolutionProperties) = preSolution
		HideSolutionNode = FALSE
	EndGlobalSection
	GlobalSection(ExtensibilityGlobals) = postSolution
		SolutionGuid = {2B7054AF-B047-4BEE-A504-900B95F6A50E}
	EndGlobalSection
EndGlobal
